
Microsoft Visual Studio Solution File, Format Version 12.00
# Visual Studio Version 17
VisualStudioVersion = 17.11.35219.272
MinimumVisualStudioVersion = 10.0.40219.1
Project("{FAE04EC0-301F-11D3-BF4B-00C04F79EFBC}") = "ProgYProduc_Tarea2", "ProgYProduc_Tarea2.csproj", "{FF472537-3620-40FB-B105-D51CBB70A86C}"
EndProject
Global
	GlobalSection(SolutionConfigurationPlatforms) = preSolution
		Debug|Any CPU = Debug|Any CPU
		Release|Any CPU = Release|Any CPU
	EndGlobalSection
	GlobalSection(ProjectConfigurationPlatforms) = postSolution
		{FF472537-3620-40FB-B105-D51CBB70A86C}.Debug|Any CPU.ActiveCfg = Debug|Any CPU
		{FF472537-3620-40FB-B105-D51CBB70A86C}.Debug|Any CPU.Build.0 = Debug|Any CPU
		{FF472537-3620-40FB-B105-D51CBB70A86C}.Release|Any CPU.ActiveCfg = Release|Any CPU
		{FF472537-3620-40FB-B105-D51CBB70A86C}.Release|Any CPU.Build.0 = Release|Any CPU
	EndGlobalSection
	GlobalSection(SolutionProperties) = preSolution
		HideSolutionNode = FALSE
	EndGlobalSection
	GlobalSection(ExtensibilityGlobals) = postSolution
		SolutionGuid = {0773D705-F8F4-467E-B921-77C80E08D5A5}
	EndGlobalSection
EndGlobal
